
Microsoft Visual Studio Solution File, Format Version 12.00
# Visual Studio Version 17
VisualStudioVersion = 17.2.32519.379
MinimumVisualStudioVersion = 10.0.40219.1
Project("{FAE04EC0-301F-11D3-BF4B-00C04F79EFBC}") = "flyweight", "flyweight\flyweight.csproj", "{484F197F-6747-4DB4-9168-16B942576752}"
EndProject
Global
	GlobalSection(SolutionConfigurationPlatforms) = preSolution
		Debug|Any CPU = Debug|Any CPU
		Release|Any CPU = Release|Any CPU
	EndGlobalSection
	GlobalSection(ProjectConfigurationPlatforms) = postSolution
		{484F197F-6747-4DB4-9168-16B942576752}.Debug|Any CPU.ActiveCfg = Debug|Any CPU
		{484F197F-6747-4DB4-9168-16B942576752}.Debug|Any CPU.Build.0 = Debug|Any CPU
		{484F197F-6747-4DB4-9168-16B942576752}.Release|Any CPU.ActiveCfg = Release|Any CPU
		{484F197F-6747-4DB4-9168-16B942576752}.Release|Any CPU.Build.0 = Release|Any CPU
	EndGlobalSection
	GlobalSection(SolutionProperties) = preSolution
		HideSolutionNode = FALSE
	EndGlobalSection
	GlobalSection(ExtensibilityGlobals) = postSolution
		SolutionGuid = {7BED7E58-054C-4FAE-BC8D-4F28FFA2BA69}
	EndGlobalSection
EndGlobal
